// !$*UTF8*$!
{
	archiveVersion = 1;
	classes = {
	};
	objectVersion = 56;
	objects = {

/* Begin PBXBuildFile section */
		A1000001229F0001 /* RA2_HomeKit_InspectorApp.swift in Sources */ = {isa = PBXBuildFile; fileRef = A1000001229F1001 /* RA2_HomeKit_InspectorApp.swift */; };
		A1000002229F0002 /* ContentView.swift in Sources */ = {isa = PBXBuildFile; fileRef = A1000001229F1002 /* ContentView.swift */; };
		A1000003229F0003 /* AppState.swift in Sources */ = {isa = PBXBuildFile; fileRef = A1000001229F1003 /* AppState.swift */; };
		A1000004229F0004 /* RA2Models.swift in Sources */ = {isa = PBXBuildFile; fileRef = A1000001229F1004 /* RA2Models.swift */; };
		A1000005229F0005 /* HomeKitModels.swift in Sources */ = {isa = PBXBuildFile; fileRef = A1000001229F1005 /* HomeKitModels.swift */; };
		A1000006229F0006 /* DiagnosticModels.swift in Sources */ = {isa = PBXBuildFile; fileRef = A1000001229F1006 /* DiagnosticModels.swift */; };
		A1000007229F0007 /* RA2Service.swift in Sources */ = {isa = PBXBuildFile; fileRef = A1000001229F1007 /* RA2Service.swift */; };
		A1000008229F0008 /* HomeKitService.swift in Sources */ = {isa = PBXBuildFile; fileRef = A1000001229F1008 /* HomeKitService.swift */; };
		A1000009229F0009 /* DiagnosticService.swift in Sources */ = {isa = PBXBuildFile; fileRef = A1000001229F1009 /* DiagnosticService.swift */; };
		A1000010229F0010 /* KeychainService.swift in Sources */ = {isa = PBXBuildFile; fileRef = A1000001229F1010 /* KeychainService.swift */; };
		A1000011229F0011 /* RA2DevicesView.swift in Sources */ = {isa = PBXBuildFile; fileRef = A1000001229F1011 /* RA2DevicesView.swift */; };
		A1000012229F0012 /* HomeKitDevicesView.swift in Sources */ = {isa = PBXBuildFile; fileRef = A1000001229F1012 /* HomeKitDevicesView.swift */; };
		A1000013229F0013 /* DiagnosticsView.swift in Sources */ = {isa = PBXBuildFile; fileRef = A1000001229F1013 /* DiagnosticsView.swift */; };
		A1000014229F0014 /* SettingsView.swift in Sources */ = {isa = PBXBuildFile; fileRef = A1000001229F1014 /* SettingsView.swift */; };
		A1000015229F0015 /* SharedViews.swift in Sources */ = {isa = PBXBuildFile; fileRef = A1000001229F1015 /* SharedViews.swift */; };
/* End PBXBuildFile section */

/* Begin PBXFileReference section */
		A1000001229F0000 /* RA2 HomeKit Inspector.app */ = {isa = PBXFileReference; explicitFileType = wrapper.application; includeInIndex = 0; path = "RA2 HomeKit Inspector.app"; sourceTree = BUILT_PRODUCTS_DIR; };
		A1000001229F1001 /* RA2_HomeKit_InspectorApp.swift */ = {isa = PBXFileReference; lastKnownFileType = sourcecode.swift; path = RA2_HomeKit_InspectorApp.swift; sourceTree = "<group>"; };
		A1000001229F1002 /* ContentView.swift */ = {isa = PBXFileReference; lastKnownFileType = sourcecode.swift; path = ContentView.swift; sourceTree = "<group>"; };
		A1000001229F1003 /* AppState.swift */ = {isa = PBXFileReference; lastKnownFileType = sourcecode.swift; path = AppState.swift; sourceTree = "<group>"; };
		A1000001229F1004 /* RA2Models.swift */ = {isa = PBXFileReference; lastKnownFileType = sourcecode.swift; path = RA2Models.swift; sourceTree = "<group>"; };
		A1000001229F1005 /* HomeKitModels.swift */ = {isa = PBXFileReference; lastKnownFileType = sourcecode.swift; path = HomeKitModels.swift; sourceTree = "<group>"; };
		A1000001229F1006 /* DiagnosticModels.swift */ = {isa = PBXFileReference; lastKnownFileType = sourcecode.swift; path = DiagnosticModels.swift; sourceTree = "<group>"; };
		A1000001229F1007 /* RA2Service.swift */ = {isa = PBXFileReference; lastKnownFileType = sourcecode.swift; path = RA2Service.swift; sourceTree = "<group>"; };
		A1000001229F1008 /* HomeKitService.swift */ = {isa = PBXFileReference; lastKnownFileType = sourcecode.swift; path = HomeKitService.swift; sourceTree = "<group>"; };
		A1000001229F1009 /* DiagnosticService.swift */ = {isa = PBXFileReference; lastKnownFileType = sourcecode.swift; path = DiagnosticService.swift; sourceTree = "<group>"; };
		A1000001229F1010 /* KeychainService.swift */ = {isa = PBXFileReference; lastKnownFileType = sourcecode.swift; path = KeychainService.swift; sourceTree = "<group>"; };
		A1000001229F1011 /* RA2DevicesView.swift */ = {isa = PBXFileReference; lastKnownFileType = sourcecode.swift; path = RA2DevicesView.swift; sourceTree = "<group>"; };
		A1000001229F1012 /* HomeKitDevicesView.swift */ = {isa = PBXFileReference; lastKnownFileType = sourcecode.swift; path = HomeKitDevicesView.swift; sourceTree = "<group>"; };
		A1000001229F1013 /* DiagnosticsView.swift */ = {isa = PBXFileReference; lastKnownFileType = sourcecode.swift; path = DiagnosticsView.swift; sourceTree = "<group>"; };
		A1000001229F1014 /* SettingsView.swift */ = {isa = PBXFileReference; lastKnownFileType = sourcecode.swift; path = SettingsView.swift; sourceTree = "<group>"; };
		A1000001229F1015 /* SharedViews.swift */ = {isa = PBXFileReference; lastKnownFileType = sourcecode.swift; path = SharedViews.swift; sourceTree = "<group>"; };
		A1000001229F1016 /* Info.plist */ = {isa = PBXFileReference; lastKnownFileType = text.plist.xml; path = Info.plist; sourceTree = "<group>"; };
		A1000001229F1017 /* RA2_HomeKit_Inspector.entitlements */ = {isa = PBXFileReference; lastKnownFileType = text.plist.entitlements; path = RA2_HomeKit_Inspector.entitlements; sourceTree = "<group>"; };
/* End PBXFileReference section */

/* Begin PBXFrameworksBuildPhase section */
		A1000002229F0000 /* Frameworks */ = {
			isa = PBXFrameworksBuildPhase;
			buildActionMask = 2147483647;
			files = (
			);
			runOnlyForDeploymentPostprocessing = 0;
		};
/* End PBXFrameworksBuildPhase section */

/* Begin PBXGroup section */
		A1000003229F0000 = {
			isa = PBXGroup;
			children = (
				A1000004229F0000 /* RA2 HomeKit Inspector */,
				A1000005229F0000 /* Products */,
			);
			sourceTree = "<group>";
		};
		A1000004229F0000 /* RA2 HomeKit Inspector */ = {
			isa = PBXGroup;
			children = (
				A1000001229F1001 /* RA2_HomeKit_InspectorApp.swift */,
				A1000001229F1002 /* ContentView.swift */,
				A1000006229F0000 /* Models */,
				A1000007229F0000 /* Views */,
				A1000008229F0000 /* Services */,
				A1000001229F1016 /* Info.plist */,
				A1000001229F1017 /* RA2_HomeKit_Inspector.entitlements */,
			);
			path = "RA2 HomeKit Inspector";
			sourceTree = "<group>";
		};
		A1000005229F0000 /* Products */ = {
			isa = PBXGroup;
			children = (
				A1000001229F0000 /* RA2 HomeKit Inspector.app */,
			);
			name = Products;
			sourceTree = "<group>";
		};
		A1000006229F0000 /* Models */ = {
			isa = PBXGroup;
			children = (
				A1000001229F1003 /* AppState.swift */,
				A1000001229F1004 /* RA2Models.swift */,
				A1000001229F1005 /* HomeKitModels.swift */,
				A1000001229F1006 /* DiagnosticModels.swift */,
			);
			path = Models;
			sourceTree = "<group>";
		};
		A1000007229F0000 /* Views */ = {
			isa = PBXGroup;
			children = (
				A1000001229F1011 /* RA2DevicesView.swift */,
				A1000001229F1012 /* HomeKitDevicesView.swift */,
				A1000001229F1013 /* DiagnosticsView.swift */,
				A1000001229F1014 /* SettingsView.swift */,
				A1000001229F1015 /* SharedViews.swift */,
			);
			path = Views;
			sourceTree = "<group>";
		};
		A1000008229F0000 /* Services */ = {
			isa = PBXGroup;
			children = (
				A1000001229F1007 /* RA2Service.swift */,
				A1000001229F1008 /* HomeKitService.swift */,
				A1000001229F1009 /* DiagnosticService.swift */,
				A1000001229F1010 /* KeychainService.swift */,
			);
			path = Services;
			sourceTree = "<group>";
		};
/* End PBXGroup section */

/* Begin PBXNativeTarget section */
		A1000009229F0000 /* RA2 HomeKit Inspector */ = {
			isa = PBXNativeTarget;
			buildConfigurationList = A100000C229F0000 /* Build configuration list for PBXNativeTarget "RA2 HomeKit Inspector" */;
			buildPhases = (
				A1000001229F2000 /* Sources */,
				A1000002229F0000 /* Frameworks */,
				A100000A229F0000 /* Resources */,
			);
			buildRules = (
			);
			dependencies = (
			);
			name = "RA2 HomeKit Inspector";
			productName = "RA2 HomeKit Inspector";
			productReference = A1000001229F0000 /* RA2 HomeKit Inspector.app */;
			productType = "com.apple.product-type.application";
		};
/* End PBXNativeTarget section */

/* Begin PBXProject section */
		A100000B229F0000 /* Project object */ = {
			isa = PBXProject;
			attributes = {
				BuildIndependentTargetsInParallel = 1;
				LastSwiftUpdateCheck = 1500;
				LastUpgradeCheck = 1500;
				TargetAttributes = {
					A1000009229F0000 = {
						CreatedOnToolsVersion = 15.0;
					};
				};
			};
			buildConfigurationList = A100000D229F0000 /* Build configuration list for PBXProject "RA2 HomeKit Inspector" */;
			compatibilityVersion = "Xcode 14.0";
			developmentRegion = en;
			hasScannedForEncodings = 0;
			knownRegions = (
				en,
				Base,
			);
			mainGroup = A1000003229F0000;
			productRefGroup = A1000005229F0000 /* Products */;
			projectDirPath = "";
			projectRoot = "";
			targets = (
				A1000009229F0000 /* RA2 HomeKit Inspector */,
			);
		};
/* End PBXProject section */

/* Begin PBXResourcesBuildPhase section */
		A100000A229F0000 /* Resources */ = {
			isa = PBXResourcesBuildPhase;
			buildActionMask = 2147483647;
			files = (
			);
			runOnlyForDeploymentPostprocessing = 0;
		};
/* End PBXResourcesBuildPhase section */

/* Begin PBXSourcesBuildPhase section */
		A1000001229F2000 /* Sources */ = {
			isa = PBXSourcesBuildPhase;
			buildActionMask = 2147483647;
			files = (
				A1000001229F0001 /* RA2_HomeKit_InspectorApp.swift in Sources */,
				A1000002229F0002 /* ContentView.swift in Sources */,
				A1000003229F0003 /* AppState.swift in Sources */,
				A1000004229F0004 /* RA2Models.swift in Sources */,
				A1000005229F0005 /* HomeKitModels.swift in Sources */,
				A1000006229F0006 /* DiagnosticModels.swift in Sources */,
				A1000007229F0007 /* RA2Service.swift in Sources */,
				A1000008229F0008 /* HomeKitService.swift in Sources */,
				A1000009229F0009 /* DiagnosticService.swift in Sources */,
				A1000010229F0010 /* KeychainService.swift in Sources */,
				A1000011229F0011 /* RA2DevicesView.swift in Sources */,
				A1000012229F0012 /* HomeKitDevicesView.swift in Sources */,
				A1000013229F0013 /* DiagnosticsView.swift in Sources */,
				A1000014229F0014 /* SettingsView.swift in Sources */,
				A1000015229F0015 /* SharedViews.swift in Sources */,
			);
			runOnlyForDeploymentPostprocessing = 0;
		};
/* End PBXSourcesBuildPhase section */

/* Begin XCBuildConfiguration section */
		A100000E229F0000 /* Debug */ = {
			isa = XCBuildConfiguration;
			buildSettings = {
				ALWAYS_SEARCH_USER_PATHS = NO;
				ASSETCATALOG_COMPILER_GENERATE_SWIFT_ASSET_SYMBOL_EXTENSIONS = YES;
				CLANG_ANALYZER_NONNULL = YES;
				CLANG_ANALYZER_NUMBER_OBJECT_CONVERSION = YES_AGGRESSIVE;
				CLANG_CXX_LANGUAGE_STANDARD = "gnu++20";
				CLANG_ENABLE_MODULES = YES;
				CLANG_ENABLE_OBJC_ARC = YES;
				CLANG_ENABLE_OBJC_WEAK = YES;
				CLANG_WARN_BLOCK_CAPTURE_AUTORELEASING = YES;
				CLANG_WARN_BOOL_CONVERSION = YES;
				CLANG_WARN_COMMA = YES;
				CLANG_WARN_CONSTANT_CONVERSION = YES;
				CLANG_WARN_DEPRECATED_OBJC_IMPLEMENTATIONS = YES;
				CLANG_WARN_DIRECT_OBJC_ISA_USAGE = YES_ERROR;
				CLANG_WARN_DOCUMENTATION_COMMENTS = YES;
				CLANG_WARN_EMPTY_BODY = YES;
				CLANG_WARN_ENUM_CONVERSION = YES;
				CLANG_WARN_INFINITE_RECURSION = YES;
				CLANG_WARN_INT_CONVERSION = YES;
				CLANG_WARN_NON_LITERAL_NULL_CONVERSION = YES;
				CLANG_WARN_OBJC_IMPLICIT_RETAIN_SELF = YES;
				CLANG_WARN_OBJC_LITERAL_CONVERSION = YES;
				CLANG_WARN_OBJC_ROOT_CLASS = YES_ERROR;
				CLANG_WARN_QUOTED_INCLUDE_IN_FRAMEWORK_HEADER = YES;
				CLANG_WARN_RANGE_LOOP_ANALYSIS = YES;
				CLANG_WARN_STRICT_PROTOTYPES = YES;
				CLANG_WARN_SUSPICIOUS_MOVE = YES;
				CLANG_WARN_UNGUARDED_AVAILABILITY = YES_AGGRESSIVE;
				CLANG_WARN_UNREACHABLE_CODE = YES;
				CLANG_WARN__DUPLICATE_METHOD_MATCH = YES;
				COPY_PHASE_STRIP = NO;
				DEBUG_INFORMATION_FORMAT = dwarf;
				ENABLE_STRICT_OBJC_MSGSEND = YES;
				ENABLE_TESTABILITY = YES;
				ENABLE_USER_SCRIPT_SANDBOXING = YES;
				GCC_C_LANGUAGE_STANDARD = gnu17;
				GCC_DYNAMIC_NO_PIC = NO;
				GCC_NO_COMMON_BLOCKS = YES;
				GCC_OPTIMIZATION_LEVEL = 0;
				GCC_PREPROCESSOR_DEFINITIONS = (
					"DEBUG=1",
					"$(inherited)",
				);
				GCC_WARN_64_TO_32_BIT_CONVERSION = YES;
				GCC_WARN_ABOUT_RETURN_TYPE = YES_ERROR;
				GCC_WARN_UNDECLARED_SELECTOR = YES;
				GCC_WARN_UNINITIALIZED_AUTOS = YES_AGGRESSIVE;
				GCC_WARN_UNUSED_FUNCTION = YES;
				GCC_WARN_UNUSED_VARIABLE = YES;
				LOCALIZATION_PREFERS_STRING_CATALOGS = YES;
				MACOSX_DEPLOYMENT_TARGET = 14.0;
				MTL_ENABLE_DEBUG_INFO = INCLUDE_SOURCE;
				MTL_FAST_MATH = YES;
				ONLY_ACTIVE_ARCH = YES;
				SDKROOT = macosx;
				SWIFT_ACTIVE_COMPILATION_CONDITIONS = "DEBUG $(inherited)";
				SWIFT_OPTIMIZATION_LEVEL = "-Onone";
			};
			name = Debug;
		};
		A100000F229F0000 /* Release */ = {
			isa = XCBuildConfiguration;
			buildSettings = {
				ALWAYS_SEARCH_USER_PATHS = NO;
				ASSETCATALOG_COMPILER_GENERATE_SWIFT_ASSET_SYMBOL_EXTENSIONS = YES;
				CLANG_ANALYZER_NONNULL = YES;
				CLANG_ANALYZER_NUMBER_OBJECT_CONVERSION = YES_AGGRESSIVE;
				CLANG_CXX_LANGUAGE_STANDARD = "gnu++20";
				CLANG_ENABLE_MODULES = YES;
				CLANG_ENABLE_OBJC_ARC = YES;
				CLANG_ENABLE_OBJC_WEAK = YES;
				CLANG_WARN_BLOCK_CAPTURE_AUTORELEASING = YES;
				CLANG_WARN_BOOL_CONVERSION = YES;
				CLANG_WARN_COMMA = YES;
				CLANG_WARN_CONSTANT_CONVERSION = YES;
				CLANG_WARN_DEPRECATED_OBJC_IMPLEMENTATIONS = YES;
				CLANG_WARN_DIRECT_OBJC_ISA_USAGE = YES_ERROR;
				CLANG_WARN_DOCUMENTATION_COMMENTS = YES;
				CLANG_WARN_EMPTY_BODY = YES;
				CLANG_WARN_ENUM_CONVERSION = YES;
				CLANG_WARN_INFINITE_RECURSION = YES;
				CLANG_WARN_INT_CONVERSION = YES;
				CLANG_WARN_NON_LITERAL_NULL_CONVERSION = YES;
				CLANG_WARN_OBJC_IMPLICIT_RETAIN_SELF = YES;
				CLANG_WARN_OBJC_LITERAL_CONVERSION = YES;
				CLANG_WARN_OBJC_ROOT_CLASS = YES_ERROR;
				CLANG_WARN_QUOTED_INCLUDE_IN_FRAMEWORK_HEADER = YES;
				CLANG_WARN_RANGE_LOOP_ANALYSIS = YES;
				CLANG_WARN_STRICT_PROTOTYPES = YES;
				CLANG_WARN_SUSPICIOUS_MOVE = YES;
				CLANG_WARN_UNGUARDED_AVAILABILITY = YES_AGGRESSIVE;
				CLANG_WARN_UNREACHABLE_CODE = YES;
				CLANG_WARN__DUPLICATE_METHOD_MATCH = YES;
				COPY_PHASE_STRIP = NO;
				DEBUG_INFORMATION_FORMAT = "dwarf-with-dsym";
				ENABLE_NS_ASSERTIONS = NO;
				ENABLE_STRICT_OBJC_MSGSEND = YES;
				ENABLE_USER_SCRIPT_SANDBOXING = YES;
				GCC_C_LANGUAGE_STANDARD = gnu17;
				GCC_NO_COMMON_BLOCKS = YES;
				GCC_WARN_64_TO_32_BIT_CONVERSION = YES;
				GCC_WARN_ABOUT_RETURN_TYPE = YES_ERROR;
				GCC_WARN_UNDECLARED_SELECTOR = YES;
				GCC_WARN_UNINITIALIZED_AUTOS = YES_AGGRESSIVE;
				GCC_WARN_UNUSED_FUNCTION = YES;
				GCC_WARN_UNUSED_VARIABLE = YES;
				LOCALIZATION_PREFERS_STRING_CATALOGS = YES;
				MACOSX_DEPLOYMENT_TARGET = 14.0;
				MTL_ENABLE_DEBUG_INFO = NO;
				MTL_FAST_MATH = YES;
				SDKROOT = macosx;
				SWIFT_COMPILATION_MODE = wholemodule;
			};
			name = Release;
		};
		A1000010229F0000 /* Debug */ = {
			isa = XCBuildConfiguration;
			buildSettings = {
				ASSETCATALOG_COMPILER_APPICON_NAME = AppIcon;
				ASSETCATALOG_COMPILER_GLOBAL_ACCENT_COLOR_NAME = AccentColor;
				CODE_SIGN_ENTITLEMENTS = "RA2 HomeKit Inspector/RA2_HomeKit_Inspector.entitlements";
				CODE_SIGN_STYLE = Automatic;
				COMBINE_HIDPI_IMAGES = YES;
				CURRENT_PROJECT_VERSION = 1;
				DEVELOPMENT_TEAM = "";
				ENABLE_HARDENED_RUNTIME = YES;
				GENERATE_INFOPLIST_FILE = YES;
				INFOPLIST_FILE = "RA2 HomeKit Inspector/Info.plist";
				INFOPLIST_KEY_LSApplicationCategoryType = "public.app-category.utilities";
				INFOPLIST_KEY_NSHomeKitUsageDescription = "RA2 HomeKit Inspector needs access to HomeKit to display your devices and compare them with RadioRA 2.";
				INFOPLIST_KEY_NSHumanReadableCopyright = "Copyright 2024. All rights reserved.";
				INFOPLIST_KEY_NSPrincipalClass = NSApplication;
				LD_RUNPATH_SEARCH_PATHS = (
					"$(inherited)",
					"@executable_path/../Frameworks",
				);
				MARKETING_VERSION = 1.0;
				PRODUCT_BUNDLE_IDENTIFIER = com.trestmaas.ra2homekitinspector;
				PRODUCT_NAME = "$(TARGET_NAME)";
				SWIFT_EMIT_LOC_STRINGS = YES;
				SWIFT_VERSION = 5.0;
			};
			name = Debug;
		};
		A1000011229F0000 /* Release */ = {
			isa = XCBuildConfiguration;
			buildSettings = {
				ASSETCATALOG_COMPILER_APPICON_NAME = AppIcon;
				ASSETCATALOG_COMPILER_GLOBAL_ACCENT_COLOR_NAME = AccentColor;
				CODE_SIGN_ENTITLEMENTS = "RA2 HomeKit Inspector/RA2_HomeKit_Inspector.entitlements";
				CODE_SIGN_STYLE = Automatic;
				COMBINE_HIDPI_IMAGES = YES;
				CURRENT_PROJECT_VERSION = 1;
				DEVELOPMENT_TEAM = "";
				ENABLE_HARDENED_RUNTIME = YES;
				GENERATE_INFOPLIST_FILE = YES;
				INFOPLIST_FILE = "RA2 HomeKit Inspector/Info.plist";
				INFOPLIST_KEY_LSApplicationCategoryType = "public.app-category.utilities";
				INFOPLIST_KEY_NSHomeKitUsageDescription = "RA2 HomeKit Inspector needs access to HomeKit to display your devices and compare them with RadioRA 2.";
				INFOPLIST_KEY_NSHumanReadableCopyright = "Copyright 2024. All rights reserved.";
				INFOPLIST_KEY_NSPrincipalClass = NSApplication;
				LD_RUNPATH_SEARCH_PATHS = (
					"$(inherited)",
					"@executable_path/../Frameworks",
				);
				MARKETING_VERSION = 1.0;
				PRODUCT_BUNDLE_IDENTIFIER = com.trestmaas.ra2homekitinspector;
				PRODUCT_NAME = "$(TARGET_NAME)";
				SWIFT_EMIT_LOC_STRINGS = YES;
				SWIFT_VERSION = 5.0;
			};
			name = Release;
		};
/* End XCBuildConfiguration section */

/* Begin XCConfigurationList section */
		A100000C229F0000 /* Build configuration list for PBXNativeTarget "RA2 HomeKit Inspector" */ = {
			isa = XCConfigurationList;
			buildConfigurations = (
				A1000010229F0000 /* Debug */,
				A1000011229F0000 /* Release */,
			);
			defaultConfigurationIsVisible = 0;
			defaultConfigurationName = Release;
		};
		A100000D229F0000 /* Build configuration list for PBXProject "RA2 HomeKit Inspector" */ = {
			isa = XCConfigurationList;
			buildConfigurations = (
				A100000E229F0000 /* Debug */,
				A100000F229F0000 /* Release */,
			);
			defaultConfigurationIsVisible = 0;
			defaultConfigurationName = Release;
		};
/* End XCConfigurationList section */
	};
	rootObject = A100000B229F0000 /* Project object */;
}
